// !$*UTF8*$!
{
	archiveVersion = 1;
	classes = {
	};
	objectVersion = 50;
	objects = {

/* Begin PBXBuildFile section */
		3F2F8B07278C992300D68F8A /* To_do_listApp.swift in Sources */ = {isa = PBXBuildFile; fileRef = 3F2F8B06278C992300D68F8A /* To_do_listApp.swift */; };
		3F2F8B09278C992300D68F8A /* ContentView.swift in Sources */ = {isa = PBXBuildFile; fileRef = 3F2F8B08278C992300D68F8A /* ContentView.swift */; };
		3F2F8B0B278C992600D68F8A /* Assets.xcassets in Resources */ = {isa = PBXBuildFile; fileRef = 3F2F8B0A278C992600D68F8A /* Assets.xcassets */; };
		3F2F8B0E278C992600D68F8A /* Preview Assets.xcassets in Resources */ = {isa = PBXBuildFile; fileRef = 3F2F8B0D278C992600D68F8A /* Preview Assets.xcassets */; };
		3F2F8B16278DE99300D68F8A /* ToDoList.swift in Sources */ = {isa = PBXBuildFile; fileRef = 3F2F8B15278DE99300D68F8A /* ToDoList.swift */; };
		3F2F8B18278DEABA00D68F8A /* AddItemView.swift in Sources */ = {isa = PBXBuildFile; fileRef = 3F2F8B17278DEABA00D68F8A /* AddItemView.swift */; };
/* End PBXBuildFile section */

/* Begin PBXFileReference section */
		3F2F8B03278C992300D68F8A /* To do list.app */ = {isa = PBXFileReference; explicitFileType = wrapper.application; includeInIndex = 0; path = "To do list.app"; sourceTree = BUILT_PRODUCTS_DIR; };
		3F2F8B06278C992300D68F8A /* To_do_listApp.swift */ = {isa = PBXFileReference; lastKnownFileType = sourcecode.swift; path = To_do_listApp.swift; sourceTree = "<group>"; };
		3F2F8B08278C992300D68F8A /* ContentView.swift */ = {isa = PBXFileReference; lastKnownFileType = sourcecode.swift; path = ContentView.swift; sourceTree = "<group>"; };
		3F2F8B0A278C992600D68F8A /* Assets.xcassets */ = {isa = PBXFileReference; lastKnownFileType = folder.assetcatalog; path = Assets.xcassets; sourceTree = "<group>"; };
		3F2F8B0D278C992600D68F8A /* Preview Assets.xcassets */ = {isa = PBXFileReference; lastKnownFileType = folder.assetcatalog; path = "Preview Assets.xcassets"; sourceTree = "<group>"; };
		3F2F8B0F278C992600D68F8A /* Info.plist */ = {isa = PBXFileReference; lastKnownFileType = text.plist.xml; path = Info.plist; sourceTree = "<group>"; };
		3F2F8B15278DE99300D68F8A /* ToDoList.swift */ = {isa = PBXFileReference; lastKnownFileType = sourcecode.swift; path = ToDoList.swift; sourceTree = "<group>"; };
		3F2F8B17278DEABA00D68F8A /* AddItemView.swift */ = {isa = PBXFileReference; lastKnownFileType = sourcecode.swift; path = AddItemView.swift; sourceTree = "<group>"; };
/* End PBXFileReference section */

/* Begin PBXFrameworksBuildPhase section */
		3F2F8B00278C992300D68F8A /* Frameworks */ = {
			isa = PBXFrameworksBuildPhase;
			buildActionMask = 2147483647;
			files = (
			);
			runOnlyForDeploymentPostprocessing = 0;
		};
/* End PBXFrameworksBuildPhase section */

/* Begin PBXGroup section */
		3F2F8AFA278C992300D68F8A = {
			isa = PBXGroup;
			children = (
				3F2F8B05278C992300D68F8A /* To do list */,
				3F2F8B04278C992300D68F8A /* Products */,
			);
			sourceTree = "<group>";
		};
		3F2F8B04278C992300D68F8A /* Products */ = {
			isa = PBXGroup;
			children = (
				3F2F8B03278C992300D68F8A /* To do list.app */,
			);
			name = Products;
			sourceTree = "<group>";
		};
		3F2F8B05278C992300D68F8A /* To do list */ = {
			isa = PBXGroup;
			children = (
				3F2F8B06278C992300D68F8A /* To_do_listApp.swift */,
				3F2F8B08278C992300D68F8A /* ContentView.swift */,
				3F2F8B17278DEABA00D68F8A /* AddItemView.swift */,
				3F2F8B15278DE99300D68F8A /* ToDoList.swift */,
				3F2F8B0A278C992600D68F8A /* Assets.xcassets */,
				3F2F8B0F278C992600D68F8A /* Info.plist */,
				3F2F8B0C278C992600D68F8A /* Preview Content */,
			);
			path = "To do list";
			sourceTree = "<group>";
		};
		3F2F8B0C278C992600D68F8A /* Preview Content */ = {
			isa = PBXGroup;
			children = (
				3F2F8B0D278C992600D68F8A /* Preview Assets.xcassets */,
			);
			path = "Preview Content";
			sourceTree = "<group>";
		};
/* End PBXGroup section */

/* Begin PBXNativeTarget section */
		3F2F8B02278C992300D68F8A /* To do list */ = {
			isa = PBXNativeTarget;
			buildConfigurationList = 3F2F8B12278C992600D68F8A /* Build configuration list for PBXNativeTarget "To do list" */;
			buildPhases = (
				3F2F8AFF278C992300D68F8A /* Sources */,
				3F2F8B00278C992300D68F8A /* Frameworks */,
				3F2F8B01278C992300D68F8A /* Resources */,
			);
			buildRules = (
			);
			dependencies = (
			);
			name = "To do list";
			productName = "To do list";
			productReference = 3F2F8B03278C992300D68F8A /* To do list.app */;
			productType = "com.apple.product-type.application";
		};
/* End PBXNativeTarget section */

/* Begin PBXProject section */
		3F2F8AFB278C992300D68F8A /* Project object */ = {
			isa = PBXProject;
			attributes = {
				LastSwiftUpdateCheck = 1250;
				LastUpgradeCheck = 1250;
				TargetAttributes = {
					3F2F8B02278C992300D68F8A = {
						CreatedOnToolsVersion = 12.5.1;
					};
				};
			};
			buildConfigurationList = 3F2F8AFE278C992300D68F8A /* Build configuration list for PBXProject "To do list" */;
			compatibilityVersion = "Xcode 9.3";
			developmentRegion = en;
			hasScannedForEncodings = 0;
			knownRegions = (
				en,
				Base,
			);
			mainGroup = 3F2F8AFA278C992300D68F8A;
			productRefGroup = 3F2F8B04278C992300D68F8A /* Products */;
			projectDirPath = "";
			projectRoot = "";
			targets = (
				3F2F8B02278C992300D68F8A /* To do list */,
			);
		};
/* End PBXProject section */

/* Begin PBXResourcesBuildPhase section */
		3F2F8B01278C992300D68F8A /* Resources */ = {
			isa = PBXResourcesBuildPhase;
			buildActionMask = 2147483647;
			files = (
				3F2F8B0E278C992600D68F8A /* Preview Assets.xcassets in Resources */,
				3F2F8B0B278C992600D68F8A /* Assets.xcassets in Resources */,
			);
			runOnlyForDeploymentPostprocessing = 0;
		};
/* End PBXResourcesBuildPhase section */

/* Begin PBXSourcesBuildPhase section */
		3F2F8AFF278C992300D68F8A /* Sources */ = {
			isa = PBXSourcesBuildPhase;
			buildActionMask = 2147483647;
			files = (
				3F2F8B09278C992300D68F8A /* ContentView.swift in Sources */,
				3F2F8B16278DE99300D68F8A /* ToDoList.swift in Sources */,
				3F2F8B07278C992300D68F8A /* To_do_listApp.swift in Sources */,
				3F2F8B18278DEABA00D68F8A /* AddItemView.swift in Sources */,
			);
			runOnlyForDeploymentPostprocessing = 0;
		};
/* End PBXSourcesBuildPhase section */

/* Begin XCBuildConfiguration section */
		3F2F8B10278C992600D68F8A /* Debug */ = {
			isa = XCBuildConfiguration;
			buildSettings = {
				ALWAYS_SEARCH_USER_PATHS = NO;
				CLANG_ANALYZER_NONNULL = YES;
				CLANG_ANALYZER_NUMBER_OBJECT_CONVERSION = YES_AGGRESSIVE;
				CLANG_CXX_LANGUAGE_STANDARD = "gnu++14";
				CLANG_CXX_LIBRARY = "libc++";
				CLANG_ENABLE_MODULES = YES;
				CLANG_ENABLE_OBJC_ARC = YES;
				CLANG_ENABLE_OBJC_WEAK = YES;
				CLANG_WARN_BLOCK_CAPTURE_AUTORELEASING = YES;
				CLANG_WARN_BOOL_CONVERSION = YES;
				CLANG_WARN_COMMA = YES;
				CLANG_WARN_CONSTANT_CONVERSION = YES;
				CLANG_WARN_DEPRECATED_OBJC_IMPLEMENTATIONS = YES;
				CLANG_WARN_DIRECT_OBJC_ISA_USAGE = YES_ERROR;
				CLANG_WARN_DOCUMENTATION_COMMENTS = YES;
				CLANG_WARN_EMPTY_BODY = YES;
				CLANG_WARN_ENUM_CONVERSION = YES;
				CLANG_WARN_INFINITE_RECURSION = YES;
				CLANG_WARN_INT_CONVERSION = YES;
				CLANG_WARN_NON_LITERAL_NULL_CONVERSION = YES;
				CLANG_WARN_OBJC_IMPLICIT_RETAIN_SELF = YES;
				CLANG_WARN_OBJC_LITERAL_CONVERSION = YES;
				CLANG_WARN_OBJC_ROOT_CLASS = YES_ERROR;
				CLANG_WARN_QUOTED_INCLUDE_IN_FRAMEWORK_HEADER = YES;
				CLANG_WARN_RANGE_LOOP_ANALYSIS = YES;
				CLANG_WARN_STRICT_PROTOTYPES = YES;
				CLANG_WARN_SUSPICIOUS_MOVE = YES;
				CLANG_WARN_UNGUARDED_AVAILABILITY = YES_AGGRESSIVE;
				CLANG_WARN_UNREACHABLE_CODE = YES;
				CLANG_WARN__DUPLICATE_METHOD_MATCH = YES;
				COPY_PHASE_STRIP = NO;
				DEBUG_INFORMATION_FORMAT = dwarf;
				ENABLE_STRICT_OBJC_MSGSEND = YES;
				ENABLE_TESTABILITY = YES;
				GCC_C_LANGUAGE_STANDARD = gnu11;
				GCC_DYNAMIC_NO_PIC = NO;
				GCC_NO_COMMON_BLOCKS = YES;
				GCC_OPTIMIZATION_LEVEL = 0;
				GCC_PREPROCESSOR_DEFINITIONS = (
					"DEBUG=1",
					"$(inherited)",
				);
				GCC_WARN_64_TO_32_BIT_CONVERSION = YES;
				GCC_WARN_ABOUT_RETURN_TYPE = YES_ERROR;
				GCC_WARN_UNDECLARED_SELECTOR = YES;
				GCC_WARN_UNINITIALIZED_AUTOS = YES_AGGRESSIVE;
				GCC_WARN_UNUSED_FUNCTION = YES;
				GCC_WARN_UNUSED_VARIABLE = YES;
				IPHONEOS_DEPLOYMENT_TARGET = 14.5;
				MTL_ENABLE_DEBUG_INFO = INCLUDE_SOURCE;
				MTL_FAST_MATH = YES;
				ONLY_ACTIVE_ARCH = YES;
				SDKROOT = iphoneos;
				SWIFT_ACTIVE_COMPILATION_CONDITIONS = DEBUG;
				SWIFT_OPTIMIZATION_LEVEL = "-Onone";
			};
			name = Debug;
		};
		3F2F8B11278C992600D68F8A /* Release */ = {
			isa = XCBuildConfiguration;
			buildSettings = {
				ALWAYS_SEARCH_USER_PATHS = NO;
				CLANG_ANALYZER_NONNULL = YES;
				CLANG_ANALYZER_NUMBER_OBJECT_CONVERSION = YES_AGGRESSIVE;
				CLANG_CXX_LANGUAGE_STANDARD = "gnu++14";
				CLANG_CXX_LIBRARY = "libc++";
				CLANG_ENABLE_MODULES = YES;
				CLANG_ENABLE_OBJC_ARC = YES;
				CLANG_ENABLE_OBJC_WEAK = YES;
				CLANG_WARN_BLOCK_CAPTURE_AUTORELEASING = YES;
				CLANG_WARN_BOOL_CONVERSION = YES;
				CLANG_WARN_COMMA = YES;
				CLANG_WARN_CONSTANT_CONVERSION = YES;
				CLANG_WARN_DEPRECATED_OBJC_IMPLEMENTATIONS = YES;
				CLANG_WARN_DIRECT_OBJC_ISA_USAGE = YES_ERROR;
				CLANG_WARN_DOCUMENTATION_COMMENTS = YES;
				CLANG_WARN_EMPTY_BODY = YES;
				CLANG_WARN_ENUM_CONVERSION = YES;
				CLANG_WARN_INFINITE_RECURSION = YES;
				CLANG_WARN_INT_CONVERSION = YES;
				CLANG_WARN_NON_LITERAL_NULL_CONVERSION = YES;
				CLANG_WARN_OBJC_IMPLICIT_RETAIN_SELF = YES;
				CLANG_WARN_OBJC_LITERAL_CONVERSION = YES;
				CLANG_WARN_OBJC_ROOT_CLASS = YES_ERROR;
				CLANG_WARN_QUOTED_INCLUDE_IN_FRAMEWORK_HEADER = YES;
				CLANG_WARN_RANGE_LOOP_ANALYSIS = YES;
				CLANG_WARN_STRICT_PROTOTYPES = YES;
				CLANG_WARN_SUSPICIOUS_MOVE = YES;
				CLANG_WARN_UNGUARDED_AVAILABILITY = YES_AGGRESSIVE;
				CLANG_WARN_UNREACHABLE_CODE = YES;
				CLANG_WARN__DUPLICATE_METHOD_MATCH = YES;
				COPY_PHASE_STRIP = NO;
				DEBUG_INFORMATION_FORMAT = "dwarf-with-dsym";
				ENABLE_NS_ASSERTIONS = NO;
				ENABLE_STRICT_OBJC_MSGSEND = YES;
				GCC_C_LANGUAGE_STANDARD = gnu11;
				GCC_NO_COMMON_BLOCKS = YES;
				GCC_WARN_64_TO_32_BIT_CONVERSION = YES;
				GCC_WARN_ABOUT_RETURN_TYPE = YES_ERROR;
				GCC_WARN_UNDECLARED_SELECTOR = YES;
				GCC_WARN_UNINITIALIZED_AUTOS = YES_AGGRESSIVE;
				GCC_WARN_UNUSED_FUNCTION = YES;
				GCC_WARN_UNUSED_VARIABLE = YES;
				IPHONEOS_DEPLOYMENT_TARGET = 14.5;
				MTL_ENABLE_DEBUG_INFO = NO;
				MTL_FAST_MATH = YES;
				SDKROOT = iphoneos;
				SWIFT_COMPILATION_MODE = wholemodule;
				SWIFT_OPTIMIZATION_LEVEL = "-O";
				VALIDATE_PRODUCT = YES;
			};
			name = Release;
		};
		3F2F8B13278C992600D68F8A /* Debug */ = {
			isa = XCBuildConfiguration;
			buildSettings = {
				ASSETCATALOG_COMPILER_APPICON_NAME = AppIcon;
				ASSETCATALOG_COMPILER_GLOBAL_ACCENT_COLOR_NAME = AccentColor;
				CODE_SIGN_STYLE = Automatic;
				DEVELOPMENT_ASSET_PATHS = "\"To do list/Preview Content\"";
				DEVELOPMENT_TEAM = J25MGYJ7LB;
				ENABLE_PREVIEWS = YES;
				INFOPLIST_FILE = "To do list/Info.plist";
				IPHONEOS_DEPLOYMENT_TARGET = 14.0;
				LD_RUNPATH_SEARCH_PATHS = (
					"$(inherited)",
					"@executable_path/Frameworks",
				);
				PRODUCT_BUNDLE_IDENTIFIER = "Victor.To-do-list";
				PRODUCT_NAME = "$(TARGET_NAME)";
				SWIFT_VERSION = 5.0;
				TARGETED_DEVICE_FAMILY = "1,2";
			};
			name = Debug;
		};
		3F2F8B14278C992600D68F8A /* Release */ = {
			isa = XCBuildConfiguration;
			buildSettings = {
				ASSETCATALOG_COMPILER_APPICON_NAME = AppIcon;
				ASSETCATALOG_COMPILER_GLOBAL_ACCENT_COLOR_NAME = AccentColor;
				CODE_SIGN_STYLE = Automatic;
				DEVELOPMENT_ASSET_PATHS = "\"To do list/Preview Content\"";
				DEVELOPMENT_TEAM = J25MGYJ7LB;
				ENABLE_PREVIEWS = YES;
				INFOPLIST_FILE = "To do list/Info.plist";
				IPHONEOS_DEPLOYMENT_TARGET = 14.0;
				LD_RUNPATH_SEARCH_PATHS = (
					"$(inherited)",
					"@executable_path/Frameworks",
				);
				PRODUCT_BUNDLE_IDENTIFIER = "Victor.To-do-list";
				PRODUCT_NAME = "$(TARGET_NAME)";
				SWIFT_VERSION = 5.0;
				TARGETED_DEVICE_FAMILY = "1,2";
			};
			name = Release;
		};
/* End XCBuildConfiguration section */

/* Begin XCConfigurationList section */
		3F2F8AFE278C992300D68F8A /* Build configuration list for PBXProject "To do list" */ = {
			isa = XCConfigurationList;
			buildConfigurations = (
				3F2F8B10278C992600D68F8A /* Debug */,
				3F2F8B11278C992600D68F8A /* Release */,
			);
			defaultConfigurationIsVisible = 0;
			defaultConfigurationName = Release;
		};
		3F2F8B12278C992600D68F8A /* Build configuration list for PBXNativeTarget "To do list" */ = {
			isa = XCConfigurationList;
			buildConfigurations = (
				3F2F8B13278C992600D68F8A /* Debug */,
				3F2F8B14278C992600D68F8A /* Release */,
			);
			defaultConfigurationIsVisible = 0;
			defaultConfigurationName = Release;
		};
/* End XCConfigurationList section */
	};
	rootObject = 3F2F8AFB278C992300D68F8A /* Project object */;
}
